
Microsoft Visual Studio Solution File, Format Version 12.00
# Visual Studio Version 16
VisualStudioVersion = 16.0.31605.320
MinimumVisualStudioVersion = 10.0.40219.1
Project("{9A19103F-16F7-4668-BE54-9A1E7A4F7556}") = "RecycleApp", "RecycleApp\RecycleApp.csproj", "{473730CC-B625-4369-9816-2BE0B8C1316D}"
EndProject
Project("{FAE04EC0-301F-11D3-BF4B-00C04F79EFBC}") = "RecycleApi", "RecycleApi\RecycleApi.csproj", "{0B3768B3-5728-43AB-9C54-78DB1EED1BC6}"
EndProject
Project("{FAE04EC0-301F-11D3-BF4B-00C04F79EFBC}") = "RecycleApiCore", "RecycleApiCore\RecycleApiCore.csproj", "{EAE4D787-4BE7-4EBD-9967-69B7FF5F6093}"
EndProject
Project("{FAE04EC0-301F-11D3-BF4B-00C04F79EFBC}") = "DBConnectionLibrary", "DBConnectionLibrary\DBConnectionLibrary.csproj", "{F5523682-99B1-4CDB-A29C-7A644637A611}"
EndProject
Global
	GlobalSection(SolutionConfigurationPlatforms) = preSolution
		Debug|Any CPU = Debug|Any CPU
		Release|Any CPU = Release|Any CPU
	EndGlobalSection
	GlobalSection(ProjectConfigurationPlatforms) = postSolution
		{473730CC-B625-4369-9816-2BE0B8C1316D}.Debug|Any CPU.ActiveCfg = Debug|Any CPU
		{473730CC-B625-4369-9816-2BE0B8C1316D}.Debug|Any CPU.Build.0 = Debug|Any CPU
		{473730CC-B625-4369-9816-2BE0B8C1316D}.Release|Any CPU.ActiveCfg = Release|Any CPU
		{473730CC-B625-4369-9816-2BE0B8C1316D}.Release|Any CPU.Build.0 = Release|Any CPU
		{0B3768B3-5728-43AB-9C54-78DB1EED1BC6}.Debug|Any CPU.ActiveCfg = Debug|Any CPU
		{0B3768B3-5728-43AB-9C54-78DB1EED1BC6}.Debug|Any CPU.Build.0 = Debug|Any CPU
		{0B3768B3-5728-43AB-9C54-78DB1EED1BC6}.Release|Any CPU.ActiveCfg = Release|Any CPU
		{0B3768B3-5728-43AB-9C54-78DB1EED1BC6}.Release|Any CPU.Build.0 = Release|Any CPU
		{EAE4D787-4BE7-4EBD-9967-69B7FF5F6093}.Debug|Any CPU.ActiveCfg = Debug|Any CPU
		{EAE4D787-4BE7-4EBD-9967-69B7FF5F6093}.Debug|Any CPU.Build.0 = Debug|Any CPU
		{EAE4D787-4BE7-4EBD-9967-69B7FF5F6093}.Release|Any CPU.ActiveCfg = Release|Any CPU
		{EAE4D787-4BE7-4EBD-9967-69B7FF5F6093}.Release|Any CPU.Build.0 = Release|Any CPU
		{F5523682-99B1-4CDB-A29C-7A644637A611}.Debug|Any CPU.ActiveCfg = Debug|Any CPU
		{F5523682-99B1-4CDB-A29C-7A644637A611}.Debug|Any CPU.Build.0 = Debug|Any CPU
		{F5523682-99B1-4CDB-A29C-7A644637A611}.Release|Any CPU.ActiveCfg = Release|Any CPU
		{F5523682-99B1-4CDB-A29C-7A644637A611}.Release|Any CPU.Build.0 = Release|Any CPU
	EndGlobalSection
	GlobalSection(SolutionProperties) = preSolution
		HideSolutionNode = FALSE
	EndGlobalSection
	GlobalSection(ExtensibilityGlobals) = postSolution
		SolutionGuid = {76CB9942-DCF2-447A-9DDE-0B0CD9E81856}
	EndGlobalSection
EndGlobal
